{
  "name": "02-run-test",
  "lockfileVersion": 3,
  "requires": true,
  "packages": {
    "": {
      "dependencies": {
        "snv_npm_test": "0.x"
      }
    },
    "node_modules/snv_npm_test": {
      "version": "0.0.8",
      "resolved": "https://registry.npmjs.org/snv_npm_test/-/snv_npm_test-0.0.8.tgz",
      "integrity": "sha512-nM4qGnA85r/d9gtdgKcD5z0LGfeWJFYsaYV6dNInHMZxU5Au/R1cqXyEQzds3W96h/gFmP5Vye5/3kpXT14EUg==",
      "license": "ISC"
    }
  }
}
